{
  "version": 4,
  "terraform_version": "1.4.6",
  "serial": 84,
  "lineage": "594f6fe1-fe83-faa2-5356-4645bac4eca2",
  "outputs": {
    "public_ip": {
      "value": "52.199.116.166",
      "type": "string"
    }
  },
  "resources": [
    {
      "mode": "data",
      "type": "aws_vpc",
      "name": "main",
      "provider": "provider[\"registry.terraform.io/hashicorp/aws\"]",
      "instances": [
        {
          "schema_version": 0,
          "attributes": {
            "arn": "arn:aws:ec2:ap-northeast-1:656898940349:vpc/vpc-0a9d221c739b688f4",
            "cidr_block": "172.31.0.0/16",
            "cidr_block_associations": [
              {
                "association_id": "vpc-cidr-assoc-08c5e44989f9609cc",
                "cidr_block": "172.31.0.0/16",
                "state": "associated"
              }
            ],
            "default": true,
            "dhcp_options_id": "dopt-0f3c28b7a1ac1b662",
            "enable_dns_hostnames": true,
            "enable_dns_support": true,
            "enable_network_address_usage_metrics": false,
            "filter": null,
            "id": "vpc-0a9d221c739b688f4",
            "instance_tenancy": "default",
            "ipv6_association_id": "",
            "ipv6_cidr_block": "",
            "main_route_table_id": "rtb-0f79674000c3fd035",
            "owner_id": "656898940349",
            "state": null,
            "tags": {},
            "timeouts": null
          },
          "sensitive_attributes": []
        }
      ]
    },
    {
      "mode": "data",
      "type": "template_file",
      "name": "user_data",
      "provider": "provider[\"registry.terraform.io/hashicorp/template\"]",
      "instances": [
        {
          "schema_version": 0,
          "attributes": {
            "filename": null,
            "id": "fbbdeb0d0352be0e2db8b16ad315a1668371a1e4394b16cfa7d1a04260bcc036",
            "rendered": "#Cloud-config aka cloud init\npackages:\n  - httpd\nruncmd:\n  - systemctl start httpd\n  - sudo systemctl enable httpd",
            "template": "#Cloud-config aka cloud init\npackages:\n  - httpd\nruncmd:\n  - systemctl start httpd\n  - sudo systemctl enable httpd",
            "vars": null
          },
          "sensitive_attributes": []
        }
      ]
    },
    {
      "mode": "managed",
      "type": "aws_instance",
      "name": "my_server",
      "provider": "provider[\"registry.terraform.io/hashicorp/aws\"]",
      "instances": [
        {
          "schema_version": 1,
          "attributes": {
            "ami": "ami-01b32aa8589df6208",
            "arn": "arn:aws:ec2:ap-northeast-1:656898940349:instance/i-09d6c0b1b0cafa0a6",
            "associate_public_ip_address": true,
            "availability_zone": "ap-northeast-1c",
            "capacity_reservation_specification": [
              {
                "capacity_reservation_preference": "open",
                "capacity_reservation_target": []
              }
            ],
            "cpu_core_count": 1,
            "cpu_threads_per_core": 1,
            "credit_specification": [
              {
                "cpu_credits": "standard"
              }
            ],
            "disable_api_stop": false,
            "disable_api_termination": false,
            "ebs_block_device": [],
            "ebs_optimized": false,
            "enclave_options": [
              {
                "enabled": false
              }
            ],
            "ephemeral_block_device": [],
            "get_password_data": false,
            "hibernation": false,
            "host_id": "",
            "host_resource_group_arn": null,
            "iam_instance_profile": "",
            "id": "i-09d6c0b1b0cafa0a6",
            "instance_initiated_shutdown_behavior": "stop",
            "instance_state": "running",
            "instance_type": "t2.micro",
            "ipv6_address_count": 0,
            "ipv6_addresses": [],
            "key_name": "deployer-key",
            "launch_template": [],
            "maintenance_options": [
              {
                "auto_recovery": "default"
              }
            ],
            "metadata_options": [
              {
                "http_endpoint": "enabled",
                "http_put_response_hop_limit": 2,
                "http_tokens": "required",
                "instance_metadata_tags": "disabled"
              }
            ],
            "monitoring": false,
            "network_interface": [],
            "outpost_arn": "",
            "password_data": "",
            "placement_group": "",
            "placement_partition_number": 0,
            "primary_network_interface_id": "eni-0fb7cf6f85a3d09fa",
            "private_dns": "ip-172-31-11-202.ap-northeast-1.compute.internal",
            "private_dns_name_options": [
              {
                "enable_resource_name_dns_a_record": false,
                "enable_resource_name_dns_aaaa_record": false,
                "hostname_type": "ip-name"
              }
            ],
            "private_ip": "172.31.11.202",
            "public_dns": "ec2-52-199-116-166.ap-northeast-1.compute.amazonaws.com",
            "public_ip": "52.199.116.166",
            "root_block_device": [
              {
                "delete_on_termination": true,
                "device_name": "/dev/xvda",
                "encrypted": false,
                "iops": 3000,
                "kms_key_id": "",
                "tags": {},
                "throughput": 125,
                "volume_id": "vol-07fa32623e308ff55",
                "volume_size": 8,
                "volume_type": "gp3"
              }
            ],
            "secondary_private_ips": [],
            "security_groups": [
              "sg_my_server"
            ],
            "source_dest_check": true,
            "subnet_id": "subnet-0912d330ad7058e84",
            "tags": {
              "Name": "Created by terraform"
            },
            "tags_all": {
              "Name": "Created by terraform"
            },
            "tenancy": "default",
            "timeouts": null,
            "user_data": "b3cb3486ec7508595d57f7eea202b16facfd6547",
            "user_data_base64": null,
            "user_data_replace_on_change": false,
            "volume_tags": null,
            "vpc_security_group_ids": [
              "sg-0a5acd463b9cdd183"
            ]
          },
          "sensitive_attributes": [],
          "private": "eyJlMmJmYjczMC1lY2FhLTExZTYtOGY4OC0zNDM2M2JjN2M0YzAiOnsiY3JlYXRlIjo2MDAwMDAwMDAwMDAsImRlbGV0ZSI6MTIwMDAwMDAwMDAwMCwidXBkYXRlIjo2MDAwMDAwMDAwMDB9LCJzY2hlbWFfdmVyc2lvbiI6IjEifQ==",
          "dependencies": [
            "aws_key_pair.deployer",
            "aws_security_group.sg_my_server",
            "data.aws_vpc.main",
            "data.template_file.user_data"
          ]
        }
      ]
    },
    {
      "mode": "managed",
      "type": "aws_key_pair",
      "name": "deployer",
      "provider": "provider[\"registry.terraform.io/hashicorp/aws\"]",
      "instances": [
        {
          "schema_version": 1,
          "attributes": {
            "arn": "arn:aws:ec2:ap-northeast-1:656898940349:key-pair/deployer-key",
            "fingerprint": "39:d4:11:d3:80:b3:86:62:f3:e8:b1:55:9c:5f:af:4b",
            "id": "deployer-key",
            "key_name": "deployer-key",
            "key_name_prefix": "",
            "key_pair_id": "key-04e860a4561efaafd",
            "key_type": "rsa",
            "public_key": "ssh-rsa AAAAB3NzaC1yc2EAAAADAQABAAABgQDAHZudzYf+JnfQpzE9z04p0qr8Fgvn355UmhigyQBm5DAfPTn9W07Gs6x0dX6OjtgdGpR6CSC04k12UCnKZg+/dmRC85r1R1fwi8DX8Z8xe1f/vgiNpTPYRNps2Vbj57QuSTf5sZcaVAISEtC/nFfaqsVavqXh3dLCe+7aPjzA/xY+AK9OXI7mht3V1DtfpbAWVT2E1eCjsk6NomeOUjkH7Dhk+BUgMUr6zZcdA40hyjAlVwFNp+E9WbZD3ZFwxh92FvC2pnXUdfatZh11r2g5+XCT1ioG1yzIWuSpiU6I2WNz2hmtiuDMPmIP4e9PmuLWNeYMK3gKFuQgBAyOAAfl+r2feZBzKMDKqS9+h19yDVjJyCJWhhIRri2apzHE9LLdW2HhlVWSWhySD50mE1UvmTFugMtujQSmPkd7PrXYF8Olad30bMr13yI0DwFZTXc3mw9cyuSIZv0FMvVguYaH0WIndUWnHJccUlmM3dtCSkX1davw2gcWFJfry5cLHgM= doquangtrung@Dos-MacBook-Pro.local",
            "tags": {},
            "tags_all": {}
          },
          "sensitive_attributes": [],
          "private": "eyJzY2hlbWFfdmVyc2lvbiI6IjEifQ=="
        }
      ]
    },
    {
      "mode": "managed",
      "type": "aws_security_group",
      "name": "sg_my_server",
      "provider": "provider[\"registry.terraform.io/hashicorp/aws\"]",
      "instances": [
        {
          "schema_version": 1,
          "attributes": {
            "arn": "arn:aws:ec2:ap-northeast-1:656898940349:security-group/sg-0a5acd463b9cdd183",
            "description": "My server group - Allow http req",
            "egress": [
              {
                "cidr_blocks": [
                  "0.0.0.0/0"
                ],
                "description": "",
                "from_port": 0,
                "ipv6_cidr_blocks": [
                  "::/0"
                ],
                "prefix_list_ids": [],
                "protocol": "-1",
                "security_groups": [],
                "self": false,
                "to_port": 0
              }
            ],
            "id": "sg-0a5acd463b9cdd183",
            "ingress": [
              {
                "cidr_blocks": [
                  "0.0.0.0/0"
                ],
                "description": "HTTP",
                "from_port": 80,
                "ipv6_cidr_blocks": [],
                "prefix_list_ids": [],
                "protocol": "tcp",
                "security_groups": [],
                "self": false,
                "to_port": 80
              },
              {
                "cidr_blocks": [
                  "0.0.0.0/0"
                ],
                "description": "SSH",
                "from_port": 22,
                "ipv6_cidr_blocks": [],
                "prefix_list_ids": [],
                "protocol": "tcp",
                "security_groups": [],
                "self": false,
                "to_port": 22
              }
            ],
            "name": "sg_my_server",
            "name_prefix": "",
            "owner_id": "656898940349",
            "revoke_rules_on_delete": false,
            "tags": {
              "Name": "allow_tls"
            },
            "tags_all": {
              "Name": "allow_tls"
            },
            "timeouts": null,
            "vpc_id": "vpc-0a9d221c739b688f4"
          },
          "sensitive_attributes": [],
          "private": "eyJlMmJmYjczMC1lY2FhLTExZTYtOGY4OC0zNDM2M2JjN2M0YzAiOnsiY3JlYXRlIjo2MDAwMDAwMDAwMDAsImRlbGV0ZSI6OTAwMDAwMDAwMDAwfSwic2NoZW1hX3ZlcnNpb24iOiIxIn0=",
          "dependencies": [
            "data.aws_vpc.main"
          ]
        }
      ]
    },
    {
      "mode": "managed",
      "type": "local_file",
      "name": "terraform-key",
      "provider": "provider[\"registry.terraform.io/hashicorp/local\"]",
      "instances": [
        {
          "schema_version": 0,
          "attributes": {
            "content": "tls_private_key.rsa-example.private_key_pem",
            "content_base64": null,
            "content_base64sha256": "Rk5h3fggBJpW+AeFUNnGKuK1ib2/VNLtNPJxAAK6qYI=",
            "content_base64sha512": "ETvBMeRDLMtCK3HggjTrwrEtgvMkoeNACtPxdu8dKc8L9thvPbwtRw+37ji9WiugG0w/9ya2a6rd85X3LSsY1A==",
            "content_md5": "1b99185a5903eca4fb0fc0682d9fa2a7",
            "content_sha1": "4e886eb89b8cc1b93988e96bf27fe42ed060ca83",
            "content_sha256": "464e61ddf820049a56f8078550d9c62ae2b589bdbf54d2ed34f2710002baa982",
            "content_sha512": "113bc131e4432ccb422b71e08234ebc2b12d82f324a1e3400ad3f176ef1d29cf0bf6d86f3dbc2d470fb7ee38bd5a2ba01b4c3ff726b66baaddf395f72d2b18d4",
            "directory_permission": "0777",
            "file_permission": "0400",
            "filename": "./terraform-new",
            "id": "4e886eb89b8cc1b93988e96bf27fe42ed060ca83",
            "sensitive_content": null,
            "source": null
          },
          "sensitive_attributes": []
        }
      ]
    },
    {
      "mode": "managed",
      "type": "null_resource",
      "name": "status",
      "provider": "provider[\"registry.terraform.io/hashicorp/null\"]",
      "instances": [
        {
          "schema_version": 0,
          "attributes": {
            "id": "2333858985144161941",
            "triggers": null
          },
          "sensitive_attributes": [],
          "dependencies": [
            "aws_instance.my_server"
          ]
        }
      ]
    }
  ],
  "check_results": null
}
