{
  "version": 4,
  "terraform_version": "1.4.6",
  "serial": 9,
  "lineage": "0cc56acd-8b4c-2476-67ce-79aec67e9616",
  "outputs": {},
  "resources": [
    {
      "mode": "managed",
      "type": "local_file",
      "name": "name",
      "provider": "provider[\"registry.terraform.io/hashicorp/local\"]",
      "instances": [
        {
          "schema_version": 0,
          "attributes": {
            "content": " tls_private_key.rsa-example.private_key_pem",
            "content_base64": null,
            "content_base64sha256": "q6lVInZFC3d5MN2x/49xs0mYG/OefVXm6J4KvX1pWzM=",
            "content_base64sha512": "7Di7O4cpzod3FkGuPuxRMDrh6x3C/acVQKPPpLPwMAF2pyDmsR9V47YZCMdktJoHH+c11Ioho6wPSVzfyl/M7A==",
            "content_md5": "e30171b7156d73885040fd044737d662",
            "content_sha1": "825f5b8a9475667fdd38f18f7aeff182ccb89dc2",
            "content_sha256": "aba9552276450b777930ddb1ff8f71b349981bf39e7d55e6e89e0abd7d695b33",
            "content_sha512": "ec38bb3b8729ce87771641ae3eec51303ae1eb1dc2fda71540a3cfa4b3f0300176a720e6b11f55e3b61908c764b49a071fe735d48a21a3ac0f495cdfca5fccec",
            "directory_permission": "0777",
            "file_permission": "0777",
            "filename": "./abc.txt",
            "id": "825f5b8a9475667fdd38f18f7aeff182ccb89dc2",
            "sensitive_content": null,
            "source": null
          },
          "sensitive_attributes": []
        }
      ]
    },
    {
      "mode": "managed",
      "type": "local_sensitive_file",
      "name": "foo",
      "provider": "provider[\"registry.terraform.io/hashicorp/local\"]",
      "instances": [
        {
          "schema_version": 0,
          "attributes": {
            "content": "foo!",
            "content_base64": null,
            "content_base64sha256": "wOCqrqBQvPO+JsDCPVj6iQwN+3nIojAWtKhs0oym6nE=",
            "content_base64sha512": "TSCmPxazw2YStHurNILfRykjK/J4evgArH/2KnQuzQZodz4cq1f/ig2GeQO7mBI+Qx5jkTQEZxLCGs3mPtsB3Q==",
            "content_md5": "35af8b7a9490467f75f19c1e5459f7e7",
            "content_sha1": "4bf3e335199107182c6f7638efaad377acc7f452",
            "content_sha256": "c0e0aaaea050bcf3be26c0c23d58fa890c0dfb79c8a23016b4a86cd28ca6ea71",
            "content_sha512": "4d20a63f16b3c36612b47bab3482df4729232bf2787af800ac7ff62a742ecd0668773e1cab57ff8a0d867903bb98123e431e639134046712c21acde63edb01dd",
            "directory_permission": "0700",
            "file_permission": "0400",
            "filename": "./foo",
            "id": "4bf3e335199107182c6f7638efaad377acc7f452",
            "source": null
          },
          "sensitive_attributes": []
        }
      ]
    }
  ],
  "check_results": null
}
